
Microsoft Visual Studio Solution File, Format Version 12.00
# Visual Studio Version 17
VisualStudioVersion = 17.2.32602.215
MinimumVisualStudioVersion = 10.0.40219.1
Project("{FAE04EC0-301F-11D3-BF4B-00C04F79EFBC}") = "SGSClient", "SGSClient.csproj", "{059648BA-B9CE-4A7B-9564-3DE1C6B401F6}"
EndProject
Global
	GlobalSection(SolutionConfigurationPlatforms) = preSolution
		Debug|Any CPU = Debug|Any CPU
		Release|Any CPU = Release|Any CPU
	EndGlobalSection
	GlobalSection(ProjectConfigurationPlatforms) = postSolution
		{059648BA-B9CE-4A7B-9564-3DE1C6B401F6}.Debug|Any CPU.ActiveCfg = Debug|Any CPU
		{059648BA-B9CE-4A7B-9564-3DE1C6B401F6}.Debug|Any CPU.Build.0 = Debug|Any CPU
		{059648BA-B9CE-4A7B-9564-3DE1C6B401F6}.Release|Any CPU.ActiveCfg = Release|Any CPU
		{059648BA-B9CE-4A7B-9564-3DE1C6B401F6}.Release|Any CPU.Build.0 = Release|Any CPU
	EndGlobalSection
	GlobalSection(SolutionProperties) = preSolution
		HideSolutionNode = FALSE
	EndGlobalSection
	GlobalSection(ExtensibilityGlobals) = postSolution
		SolutionGuid = {CDC51969-B306-4D18-ACE2-0B2D9FF07CD5}
	EndGlobalSection
EndGlobal
